{
  "name": "graffitixr-extensions",
  "version": "1.0.0",
  "lockfileVersion": 3,
  "requires": true,
  "packages": {
    "": {
      "name": "graffitixr-extensions",
      "version": "1.0.0",
      "dependencies": {
        "@azphalt/azp": "^0.1.0"
      }
    },
    "node_modules/@azphalt/azdk": {
      "version": "0.1.1",
      "resolved": "https://registry.npmjs.org/@azphalt/azdk/-/azdk-0.1.1.tgz",
      "integrity": "sha512-ovX5yIkBYQZsMBNER3C/IOgK4EvRihxTLcVUP++5MPUcKaXwbbNU1lCAO3nYJOYmbfS3v/HdEuO+kDLYKm/B8w==",
      "license": "MIT"
    },
    "node_modules/@azphalt/azp": {
      "version": "0.1.0",
      "resolved": "https://registry.npmjs.org/@azphalt/azp/-/azp-0.1.0.tgz",
      "integrity": "sha512-imNX5PVZBzT4bkYILt1d4pjryK3/Luww27OjdbtcHUH8pli4sB1wYjKa0QTrY4xUu47CQYhGH2jyp+MXFqHIUQ==",
      "license": "MIT",
      "dependencies": {
        "@azphalt/sdk": "0.1.0",
        "fflate": "^0.8.2"
      }
    },
    "node_modules/@azphalt/sdk": {
      "version": "0.1.1",
      "resolved": "https://registry.npmjs.org/@azphalt/sdk/-/sdk-0.1.1.tgz",
      "integrity": "sha512-Rloy9sUrTXnzySKVEMkiSPtpBsNOTN+w7YoUiZZoGEIyIgldb3YF3EoOVwkiwJJeCkmIKckLuUTFLi2GVo3qSg==",
      "license": "MIT",
      "dependencies": {
        "@azphalt/azdk": "0.1.1"
      }
    },
    "node_modules/fflate": {
      "version": "0.8.3",
      "resolved": "https://registry.npmjs.org/fflate/-/fflate-0.8.3.tgz",
      "integrity": "sha512-tbZNuJrLwGUp3zshBtdy4W+ORxZuIh8a5ilyIEQDC5rY1f3U20JMry0Ll3WBzU58EZKsEuJFXhb5gwv8CsPvgA==",
      "license": "MIT"
    }
  }
}
